
Microsoft Visual Studio Solution File, Format Version 12.00
# Visual Studio Version 17
VisualStudioVersion = 17.10.35013.160
MinimumVisualStudioVersion = 10.0.40219.1
Project("{FAE04EC0-301F-11D3-BF4B-00C04F79EFBC}") = "SchoolProject.Data", "SchoolProject.Data\SchoolProject.Data.csproj", "{3D7E7EE4-65E6-4006-A043-C9B3AC8DDC14}"
EndProject
Project("{FAE04EC0-301F-11D3-BF4B-00C04F79EFBC}") = "SchoolProject.Core", "SchoolProject.Core\SchoolProject.Core.csproj", "{BD890804-7055-4B79-B99C-54EECE6C6B3E}"
EndProject
Project("{FAE04EC0-301F-11D3-BF4B-00C04F79EFBC}") = "SchoolProject.Services", "SchoolProject.Services\SchoolProject.Services.csproj", "{A32A5E0E-C5A4-41BB-BC6E-BC7AB51D3C70}"
EndProject
Project("{FAE04EC0-301F-11D3-BF4B-00C04F79EFBC}") = "SchoolProject.Infrastrcture", "SchoolProject.Infrastrcture\SchoolProject.Infrastrcture.csproj", "{2AC5B185-5F9C-47BD-A9A4-91FD649D9FC1}"
EndProject
Project("{FAE04EC0-301F-11D3-BF4B-00C04F79EFBC}") = "SchoolProject.Api", "SchoolProject.Api\SchoolProject.Api.csproj", "{F7875CB6-000B-4372-901A-FEA11C1B41F7}"
EndProject
Global
	GlobalSection(SolutionConfigurationPlatforms) = preSolution
		Debug|Any CPU = Debug|Any CPU
		Release|Any CPU = Release|Any CPU
	EndGlobalSection
	GlobalSection(ProjectConfigurationPlatforms) = postSolution
		{3D7E7EE4-65E6-4006-A043-C9B3AC8DDC14}.Debug|Any CPU.ActiveCfg = Debug|Any CPU
		{3D7E7EE4-65E6-4006-A043-C9B3AC8DDC14}.Debug|Any CPU.Build.0 = Debug|Any CPU
		{3D7E7EE4-65E6-4006-A043-C9B3AC8DDC14}.Release|Any CPU.ActiveCfg = Release|Any CPU
		{3D7E7EE4-65E6-4006-A043-C9B3AC8DDC14}.Release|Any CPU.Build.0 = Release|Any CPU
		{BD890804-7055-4B79-B99C-54EECE6C6B3E}.Debug|Any CPU.ActiveCfg = Debug|Any CPU
		{BD890804-7055-4B79-B99C-54EECE6C6B3E}.Debug|Any CPU.Build.0 = Debug|Any CPU
		{BD890804-7055-4B79-B99C-54EECE6C6B3E}.Release|Any CPU.ActiveCfg = Release|Any CPU
		{BD890804-7055-4B79-B99C-54EECE6C6B3E}.Release|Any CPU.Build.0 = Release|Any CPU
		{A32A5E0E-C5A4-41BB-BC6E-BC7AB51D3C70}.Debug|Any CPU.ActiveCfg = Debug|Any CPU
		{A32A5E0E-C5A4-41BB-BC6E-BC7AB51D3C70}.Debug|Any CPU.Build.0 = Debug|Any CPU
		{A32A5E0E-C5A4-41BB-BC6E-BC7AB51D3C70}.Release|Any CPU.ActiveCfg = Release|Any CPU
		{A32A5E0E-C5A4-41BB-BC6E-BC7AB51D3C70}.Release|Any CPU.Build.0 = Release|Any CPU
		{2AC5B185-5F9C-47BD-A9A4-91FD649D9FC1}.Debug|Any CPU.ActiveCfg = Debug|Any CPU
		{2AC5B185-5F9C-47BD-A9A4-91FD649D9FC1}.Debug|Any CPU.Build.0 = Debug|Any CPU
		{2AC5B185-5F9C-47BD-A9A4-91FD649D9FC1}.Release|Any CPU.ActiveCfg = Release|Any CPU
		{2AC5B185-5F9C-47BD-A9A4-91FD649D9FC1}.Release|Any CPU.Build.0 = Release|Any CPU
		{F7875CB6-000B-4372-901A-FEA11C1B41F7}.Debug|Any CPU.ActiveCfg = Debug|Any CPU
		{F7875CB6-000B-4372-901A-FEA11C1B41F7}.Debug|Any CPU.Build.0 = Debug|Any CPU
		{F7875CB6-000B-4372-901A-FEA11C1B41F7}.Release|Any CPU.ActiveCfg = Release|Any CPU
		{F7875CB6-000B-4372-901A-FEA11C1B41F7}.Release|Any CPU.Build.0 = Release|Any CPU
	EndGlobalSection
	GlobalSection(SolutionProperties) = preSolution
		HideSolutionNode = FALSE
	EndGlobalSection
	GlobalSection(ExtensibilityGlobals) = postSolution
		SolutionGuid = {10ED7EFE-6BAA-4E45-9D05-5350BA521B45}
	EndGlobalSection
EndGlobal
